
Microsoft Visual Studio Solution File, Format Version 12.00
# Visual Studio Version 17
VisualStudioVersion = 17.2.32526.322
MinimumVisualStudioVersion = 10.0.40219.1
Project("{FAE04EC0-301F-11D3-BF4B-00C04F79EFBC}") = "AutenticacionJwtIdenty", "AutenticacionJwtIdenty\AutenticacionJwtIdenty.csproj", "{52744C9F-F7C4-487D-BFE7-946237C7A578}"
EndProject
Global
	GlobalSection(SolutionConfigurationPlatforms) = preSolution
		Debug|Any CPU = Debug|Any CPU
		Release|Any CPU = Release|Any CPU
	EndGlobalSection
	GlobalSection(ProjectConfigurationPlatforms) = postSolution
		{52744C9F-F7C4-487D-BFE7-946237C7A578}.Debug|Any CPU.ActiveCfg = Debug|Any CPU
		{52744C9F-F7C4-487D-BFE7-946237C7A578}.Debug|Any CPU.Build.0 = Debug|Any CPU
		{52744C9F-F7C4-487D-BFE7-946237C7A578}.Release|Any CPU.ActiveCfg = Release|Any CPU
		{52744C9F-F7C4-487D-BFE7-946237C7A578}.Release|Any CPU.Build.0 = Release|Any CPU
	EndGlobalSection
	GlobalSection(SolutionProperties) = preSolution
		HideSolutionNode = FALSE
	EndGlobalSection
	GlobalSection(ExtensibilityGlobals) = postSolution
		SolutionGuid = {12A0360C-98A0-4C9B-A1D9-7F5F880645F7}
	EndGlobalSection
EndGlobal
